
Microsoft Visual Studio Solution File, Format Version 12.00
# Visual Studio Version 17
VisualStudioVersion = 17.14.36623.8 d17.14
MinimumVisualStudioVersion = 10.0.40219.1
Project("{FAE04EC0-301F-11D3-BF4B-00C04F79EFBC}") = "MvcMovie", "MvcMovie\MvcMovie.csproj", "{1F010A50-F22A-4043-B746-EF55B4BFCA18}"
EndProject
Global
	GlobalSection(SolutionConfigurationPlatforms) = preSolution
		Debug|Any CPU = Debug|Any CPU
		Release|Any CPU = Release|Any CPU
	EndGlobalSection
	GlobalSection(ProjectConfigurationPlatforms) = postSolution
		{1F010A50-F22A-4043-B746-EF55B4BFCA18}.Debug|Any CPU.ActiveCfg = Debug|Any CPU
		{1F010A50-F22A-4043-B746-EF55B4BFCA18}.Debug|Any CPU.Build.0 = Debug|Any CPU
		{1F010A50-F22A-4043-B746-EF55B4BFCA18}.Release|Any CPU.ActiveCfg = Release|Any CPU
		{1F010A50-F22A-4043-B746-EF55B4BFCA18}.Release|Any CPU.Build.0 = Release|Any CPU
	EndGlobalSection
	GlobalSection(SolutionProperties) = preSolution
		HideSolutionNode = FALSE
	EndGlobalSection
	GlobalSection(ExtensibilityGlobals) = postSolution
		SolutionGuid = {FFDF8C9B-B5A4-4A79-8BD4-DD14AA0B65FD}
	EndGlobalSection
EndGlobal
